
Microsoft Visual Studio Solution File, Format Version 12.00
# Visual Studio Version 17
VisualStudioVersion = 17.1.32210.238
MinimumVisualStudioVersion = 10.0.40219.1
Project("{FAE04EC0-301F-11D3-BF4B-00C04F79EFBC}") = "Bootstrapping", "Bootstrapping\Bootstrapping.csproj", "{5499635D-7ACF-4287-B8F8-22956247F597}"
EndProject
Global
	GlobalSection(SolutionConfigurationPlatforms) = preSolution
		Debug|Any CPU = Debug|Any CPU
		Release|Any CPU = Release|Any CPU
	EndGlobalSection
	GlobalSection(ProjectConfigurationPlatforms) = postSolution
		{5499635D-7ACF-4287-B8F8-22956247F597}.Debug|Any CPU.ActiveCfg = Debug|Any CPU
		{5499635D-7ACF-4287-B8F8-22956247F597}.Debug|Any CPU.Build.0 = Debug|Any CPU
		{5499635D-7ACF-4287-B8F8-22956247F597}.Release|Any CPU.ActiveCfg = Release|Any CPU
		{5499635D-7ACF-4287-B8F8-22956247F597}.Release|Any CPU.Build.0 = Release|Any CPU
	EndGlobalSection
	GlobalSection(SolutionProperties) = preSolution
		HideSolutionNode = FALSE
	EndGlobalSection
	GlobalSection(ExtensibilityGlobals) = postSolution
		SolutionGuid = {ECCB164A-CD21-488F-8A44-42E2F4C304DC}
	EndGlobalSection
EndGlobal
