
Microsoft Visual Studio Solution File, Format Version 12.00
# Visual Studio Version 17
VisualStudioVersion = 17.0.32112.339
MinimumVisualStudioVersion = 10.0.40219.1
Project("{FAE04EC0-301F-11D3-BF4B-00C04F79EFBC}") = "PlayingCardImageListForm", "PlayingCardImageListForm\PlayingCardImageListForm.csproj", "{4CA5C916-6287-487F-A89A-29FF3EBBCE0B}"
EndProject
Global
	GlobalSection(SolutionConfigurationPlatforms) = preSolution
		Debug|Any CPU = Debug|Any CPU
		Release|Any CPU = Release|Any CPU
	EndGlobalSection
	GlobalSection(ProjectConfigurationPlatforms) = postSolution
		{4CA5C916-6287-487F-A89A-29FF3EBBCE0B}.Debug|Any CPU.ActiveCfg = Debug|Any CPU
		{4CA5C916-6287-487F-A89A-29FF3EBBCE0B}.Debug|Any CPU.Build.0 = Debug|Any CPU
		{4CA5C916-6287-487F-A89A-29FF3EBBCE0B}.Release|Any CPU.ActiveCfg = Release|Any CPU
		{4CA5C916-6287-487F-A89A-29FF3EBBCE0B}.Release|Any CPU.Build.0 = Release|Any CPU
	EndGlobalSection
	GlobalSection(SolutionProperties) = preSolution
		HideSolutionNode = FALSE
	EndGlobalSection
	GlobalSection(ExtensibilityGlobals) = postSolution
		SolutionGuid = {22FAD66E-EBD8-45BB-BCA2-72287D7EA51C}
	EndGlobalSection
EndGlobal
