
Microsoft Visual Studio Solution File, Format Version 12.00
# Visual Studio Version 17
VisualStudioVersion = 17.0.32112.339
MinimumVisualStudioVersion = 10.0.40219.1
Project("{FAE04EC0-301F-11D3-BF4B-00C04F79EFBC}") = "Banking", "Banking\Banking.csproj", "{35417E16-6BA4-40CA-ACA6-52F6AA4F5297}"
EndProject
Global
	GlobalSection(SolutionConfigurationPlatforms) = preSolution
		Debug|Any CPU = Debug|Any CPU
		Release|Any CPU = Release|Any CPU
	EndGlobalSection
	GlobalSection(ProjectConfigurationPlatforms) = postSolution
		{35417E16-6BA4-40CA-ACA6-52F6AA4F5297}.Debug|Any CPU.ActiveCfg = Debug|Any CPU
		{35417E16-6BA4-40CA-ACA6-52F6AA4F5297}.Debug|Any CPU.Build.0 = Debug|Any CPU
		{35417E16-6BA4-40CA-ACA6-52F6AA4F5297}.Release|Any CPU.ActiveCfg = Release|Any CPU
		{35417E16-6BA4-40CA-ACA6-52F6AA4F5297}.Release|Any CPU.Build.0 = Release|Any CPU
	EndGlobalSection
	GlobalSection(SolutionProperties) = preSolution
		HideSolutionNode = FALSE
	EndGlobalSection
	GlobalSection(ExtensibilityGlobals) = postSolution
		SolutionGuid = {9E0117F6-6EBD-45EE-8C54-4471E5096DBB}
	EndGlobalSection
EndGlobal
